
Microsoft Visual Studio Solution File, Format Version 12.00
# Visual Studio Version 17
VisualStudioVersion = 17.11.35222.181
MinimumVisualStudioVersion = 10.0.40219.1
Project("{FAE04EC0-301F-11D3-BF4B-00C04F79EFBC}") = "Parte 2", "Parte 2.csproj", "{DC7CBE9F-7335-45AC-91F7-6EB1097A7B93}"
EndProject
Global
	GlobalSection(SolutionConfigurationPlatforms) = preSolution
		Debug|Any CPU = Debug|Any CPU
		Release|Any CPU = Release|Any CPU
	EndGlobalSection
	GlobalSection(ProjectConfigurationPlatforms) = postSolution
		{DC7CBE9F-7335-45AC-91F7-6EB1097A7B93}.Debug|Any CPU.ActiveCfg = Debug|Any CPU
		{DC7CBE9F-7335-45AC-91F7-6EB1097A7B93}.Debug|Any CPU.Build.0 = Debug|Any CPU
		{DC7CBE9F-7335-45AC-91F7-6EB1097A7B93}.Release|Any CPU.ActiveCfg = Release|Any CPU
		{DC7CBE9F-7335-45AC-91F7-6EB1097A7B93}.Release|Any CPU.Build.0 = Release|Any CPU
	EndGlobalSection
	GlobalSection(SolutionProperties) = preSolution
		HideSolutionNode = FALSE
	EndGlobalSection
	GlobalSection(ExtensibilityGlobals) = postSolution
		SolutionGuid = {0E43CD25-36BB-4C26-9694-BC23CAC86C9F}
	EndGlobalSection
EndGlobal
