
Microsoft Visual Studio Solution File, Format Version 12.00
# Visual Studio Version 17
VisualStudioVersion = 17.11.35222.181
MinimumVisualStudioVersion = 10.0.40219.1
Project("{FAE04EC0-301F-11D3-BF4B-00C04F79EFBC}") = "tarea10ej1", "tarea10ej1\tarea10ej1.csproj", "{23FFFDCF-A6D3-46CF-B021-F288DEFA4E4E}"
EndProject
Global
	GlobalSection(SolutionConfigurationPlatforms) = preSolution
		Debug|Any CPU = Debug|Any CPU
		Release|Any CPU = Release|Any CPU
	EndGlobalSection
	GlobalSection(ProjectConfigurationPlatforms) = postSolution
		{23FFFDCF-A6D3-46CF-B021-F288DEFA4E4E}.Debug|Any CPU.ActiveCfg = Debug|Any CPU
		{23FFFDCF-A6D3-46CF-B021-F288DEFA4E4E}.Debug|Any CPU.Build.0 = Debug|Any CPU
		{23FFFDCF-A6D3-46CF-B021-F288DEFA4E4E}.Release|Any CPU.ActiveCfg = Release|Any CPU
		{23FFFDCF-A6D3-46CF-B021-F288DEFA4E4E}.Release|Any CPU.Build.0 = Release|Any CPU
	EndGlobalSection
	GlobalSection(SolutionProperties) = preSolution
		HideSolutionNode = FALSE
	EndGlobalSection
	GlobalSection(ExtensibilityGlobals) = postSolution
		SolutionGuid = {5E96E03B-D82C-409B-B585-6ACDF6332352}
	EndGlobalSection
EndGlobal
