
Microsoft Visual Studio Solution File, Format Version 12.00
# Visual Studio Version 17
VisualStudioVersion = 17.11.35222.181
MinimumVisualStudioVersion = 10.0.40219.1
Project("{FAE04EC0-301F-11D3-BF4B-00C04F79EFBC}") = "PGE T10 E4", "PGE T10 E4.csproj", "{8C39214C-D622-4691-B20B-E20328BBBF24}"
EndProject
Global
	GlobalSection(SolutionConfigurationPlatforms) = preSolution
		Debug|Any CPU = Debug|Any CPU
		Release|Any CPU = Release|Any CPU
	EndGlobalSection
	GlobalSection(ProjectConfigurationPlatforms) = postSolution
		{8C39214C-D622-4691-B20B-E20328BBBF24}.Debug|Any CPU.ActiveCfg = Debug|Any CPU
		{8C39214C-D622-4691-B20B-E20328BBBF24}.Debug|Any CPU.Build.0 = Debug|Any CPU
		{8C39214C-D622-4691-B20B-E20328BBBF24}.Release|Any CPU.ActiveCfg = Release|Any CPU
		{8C39214C-D622-4691-B20B-E20328BBBF24}.Release|Any CPU.Build.0 = Release|Any CPU
	EndGlobalSection
	GlobalSection(SolutionProperties) = preSolution
		HideSolutionNode = FALSE
	EndGlobalSection
	GlobalSection(ExtensibilityGlobals) = postSolution
		SolutionGuid = {9B517FFD-1851-475E-8542-06ED77AD63E2}
	EndGlobalSection
EndGlobal
