
Microsoft Visual Studio Solution File, Format Version 12.00
# Visual Studio Version 17
VisualStudioVersion = 17.9.34622.214
MinimumVisualStudioVersion = 10.0.40219.1
Project("{FAE04EC0-301F-11D3-BF4B-00C04F79EFBC}") = "WpfApp1", "WpfApp1\WpfApp1.csproj", "{AFAD0DC0-8E6E-46DB-9F80-AC065583EF1B}"
EndProject
Global
	GlobalSection(SolutionConfigurationPlatforms) = preSolution
		Debug|Any CPU = Debug|Any CPU
		Release|Any CPU = Release|Any CPU
	EndGlobalSection
	GlobalSection(ProjectConfigurationPlatforms) = postSolution
		{AFAD0DC0-8E6E-46DB-9F80-AC065583EF1B}.Debug|Any CPU.ActiveCfg = Debug|Any CPU
		{AFAD0DC0-8E6E-46DB-9F80-AC065583EF1B}.Debug|Any CPU.Build.0 = Debug|Any CPU
		{AFAD0DC0-8E6E-46DB-9F80-AC065583EF1B}.Release|Any CPU.ActiveCfg = Release|Any CPU
		{AFAD0DC0-8E6E-46DB-9F80-AC065583EF1B}.Release|Any CPU.Build.0 = Release|Any CPU
	EndGlobalSection
	GlobalSection(SolutionProperties) = preSolution
		HideSolutionNode = FALSE
	EndGlobalSection
	GlobalSection(ExtensibilityGlobals) = postSolution
		SolutionGuid = {B91D3B77-18BA-4ECC-B1BA-D4F7A4C7A377}
	EndGlobalSection
EndGlobal
