
Microsoft Visual Studio Solution File, Format Version 12.00
# Visual Studio Version 17
VisualStudioVersion = 17.11.35222.181
MinimumVisualStudioVersion = 10.0.40219.1
Project("{FAE04EC0-301F-11D3-BF4B-00C04F79EFBC}") = "PGE E9 Vuelos", "PGE E9 Vuelos.csproj", "{F20E2FEA-0155-4695-8939-0BA875B3C8B7}"
EndProject
Global
	GlobalSection(SolutionConfigurationPlatforms) = preSolution
		Debug|Any CPU = Debug|Any CPU
		Release|Any CPU = Release|Any CPU
	EndGlobalSection
	GlobalSection(ProjectConfigurationPlatforms) = postSolution
		{F20E2FEA-0155-4695-8939-0BA875B3C8B7}.Debug|Any CPU.ActiveCfg = Debug|Any CPU
		{F20E2FEA-0155-4695-8939-0BA875B3C8B7}.Debug|Any CPU.Build.0 = Debug|Any CPU
		{F20E2FEA-0155-4695-8939-0BA875B3C8B7}.Release|Any CPU.ActiveCfg = Release|Any CPU
		{F20E2FEA-0155-4695-8939-0BA875B3C8B7}.Release|Any CPU.Build.0 = Release|Any CPU
	EndGlobalSection
	GlobalSection(SolutionProperties) = preSolution
		HideSolutionNode = FALSE
	EndGlobalSection
	GlobalSection(ExtensibilityGlobals) = postSolution
		SolutionGuid = {8A0166A0-F3A0-4528-B627-77D04EA6B987}
	EndGlobalSection
EndGlobal
